
Microsoft Visual Studio Solution File, Format Version 12.00
# Visual Studio Version 16
VisualStudioVersion = 16.0.31911.196
MinimumVisualStudioVersion = 10.0.40219.1
Project("{FAE04EC0-301F-11D3-BF4B-00C04F79EFBC}") = "IsciProj", "IsciProj\IsciProj.csproj", "{F6D7E39E-883D-487A-A1D8-E60C445BECEA}"
EndProject
Global
	GlobalSection(SolutionConfigurationPlatforms) = preSolution
		Debug|Any CPU = Debug|Any CPU
		Release|Any CPU = Release|Any CPU
	EndGlobalSection
	GlobalSection(ProjectConfigurationPlatforms) = postSolution
		{F6D7E39E-883D-487A-A1D8-E60C445BECEA}.Debug|Any CPU.ActiveCfg = Debug|Any CPU
		{F6D7E39E-883D-487A-A1D8-E60C445BECEA}.Debug|Any CPU.Build.0 = Debug|Any CPU
		{F6D7E39E-883D-487A-A1D8-E60C445BECEA}.Release|Any CPU.ActiveCfg = Release|Any CPU
		{F6D7E39E-883D-487A-A1D8-E60C445BECEA}.Release|Any CPU.Build.0 = Release|Any CPU
	EndGlobalSection
	GlobalSection(SolutionProperties) = preSolution
		HideSolutionNode = FALSE
	EndGlobalSection
	GlobalSection(ExtensibilityGlobals) = postSolution
		SolutionGuid = {4C4049F8-7669-4DFD-B29F-E3A1E0200B6A}
	EndGlobalSection
EndGlobal
